
Microsoft Visual Studio Solution File, Format Version 12.00
# Visual Studio Version 17
VisualStudioVersion = 17.4.33110.190
MinimumVisualStudioVersion = 10.0.40219.1
Project("{8BC9CEB8-8B4A-11D0-8D11-00A0C91BC942}") = "Ch02_01", "Ch02_01\Ch02_01.vcxproj", "{A0B20A5F-4D5A-41B0-8318-C5D5AB587C84}"
EndProject
Project("{8BC9CEB8-8B4A-11D0-8D11-00A0C91BC942}") = "Ch02_02", "Ch02_02\Ch02_02.vcxproj", "{16ED9F66-4CD0-40A5-927B-AB609A0F56FE}"
EndProject
Project("{8BC9CEB8-8B4A-11D0-8D11-00A0C91BC942}") = "Ch02_03", "Ch02_03\Ch02_03.vcxproj", "{2BE2EC99-E047-45C4-9ED9-509FBC086948}"
EndProject
Project("{8BC9CEB8-8B4A-11D0-8D11-00A0C91BC942}") = "Ch02_04", "Ch02_04\Ch02_04.vcxproj", "{763B40EF-B7B3-4D96-B5CA-CE7A18628FE1}"
EndProject
Project("{8BC9CEB8-8B4A-11D0-8D11-00A0C91BC942}") = "Ch02_05", "Ch02_05\Ch02_05.vcxproj", "{E91FE2F5-5114-4F17-AF31-1A9545880695}"
EndProject
Global
	GlobalSection(SolutionConfigurationPlatforms) = preSolution
		Debug|x64 = Debug|x64
		Release|x64 = Release|x64
	EndGlobalSection
	GlobalSection(ProjectConfigurationPlatforms) = postSolution
		{A0B20A5F-4D5A-41B0-8318-C5D5AB587C84}.Debug|x64.ActiveCfg = Debug|x64
		{A0B20A5F-4D5A-41B0-8318-C5D5AB587C84}.Debug|x64.Build.0 = Debug|x64
		{A0B20A5F-4D5A-41B0-8318-C5D5AB587C84}.Release|x64.ActiveCfg = Release|x64
		{A0B20A5F-4D5A-41B0-8318-C5D5AB587C84}.Release|x64.Build.0 = Release|x64
		{16ED9F66-4CD0-40A5-927B-AB609A0F56FE}.Debug|x64.ActiveCfg = Debug|x64
		{16ED9F66-4CD0-40A5-927B-AB609A0F56FE}.Debug|x64.Build.0 = Debug|x64
		{16ED9F66-4CD0-40A5-927B-AB609A0F56FE}.Release|x64.ActiveCfg = Release|x64
		{16ED9F66-4CD0-40A5-927B-AB609A0F56FE}.Release|x64.Build.0 = Release|x64
		{2BE2EC99-E047-45C4-9ED9-509FBC086948}.Debug|x64.ActiveCfg = Debug|x64
		{2BE2EC99-E047-45C4-9ED9-509FBC086948}.Debug|x64.Build.0 = Debug|x64
		{2BE2EC99-E047-45C4-9ED9-509FBC086948}.Release|x64.ActiveCfg = Release|x64
		{2BE2EC99-E047-45C4-9ED9-509FBC086948}.Release|x64.Build.0 = Release|x64
		{763B40EF-B7B3-4D96-B5CA-CE7A18628FE1}.Debug|x64.ActiveCfg = Debug|x64
		{763B40EF-B7B3-4D96-B5CA-CE7A18628FE1}.Debug|x64.Build.0 = Debug|x64
		{763B40EF-B7B3-4D96-B5CA-CE7A18628FE1}.Release|x64.ActiveCfg = Release|x64
		{763B40EF-B7B3-4D96-B5CA-CE7A18628FE1}.Release|x64.Build.0 = Release|x64
		{E91FE2F5-5114-4F17-AF31-1A9545880695}.Debug|x64.ActiveCfg = Debug|x64
		{E91FE2F5-5114-4F17-AF31-1A9545880695}.Debug|x64.Build.0 = Debug|x64
		{E91FE2F5-5114-4F17-AF31-1A9545880695}.Release|x64.ActiveCfg = Release|x64
		{E91FE2F5-5114-4F17-AF31-1A9545880695}.Release|x64.Build.0 = Release|x64
	EndGlobalSection
	GlobalSection(SolutionProperties) = preSolution
		HideSolutionNode = FALSE
	EndGlobalSection
	GlobalSection(ExtensibilityGlobals) = postSolution
		SolutionGuid = {0270B921-82CA-4A10-9116-82FA35760036}
	EndGlobalSection
EndGlobal
