
Microsoft Visual Studio Solution File, Format Version 12.00
# Visual Studio Version 17
VisualStudioVersion = 17.5.33516.290
MinimumVisualStudioVersion = 10.0.40219.1
Project("{8BC9CEB8-8B4A-11D0-8D11-00A0C91BC942}") = "Ch17_01", "Ch17_01\Ch17_01.vcxproj", "{223CCB2C-29B5-4DFB-BA11-94631D166A00}"
EndProject
Global
	GlobalSection(SolutionConfigurationPlatforms) = preSolution
		Debug|x64 = Debug|x64
		Release|x64 = Release|x64
	EndGlobalSection
	GlobalSection(ProjectConfigurationPlatforms) = postSolution
		{223CCB2C-29B5-4DFB-BA11-94631D166A00}.Debug|x64.ActiveCfg = Debug|x64
		{223CCB2C-29B5-4DFB-BA11-94631D166A00}.Debug|x64.Build.0 = Debug|x64
		{223CCB2C-29B5-4DFB-BA11-94631D166A00}.Release|x64.ActiveCfg = Release|x64
		{223CCB2C-29B5-4DFB-BA11-94631D166A00}.Release|x64.Build.0 = Release|x64
	EndGlobalSection
	GlobalSection(SolutionProperties) = preSolution
		HideSolutionNode = FALSE
	EndGlobalSection
	GlobalSection(ExtensibilityGlobals) = postSolution
		SolutionGuid = {937A9A77-166F-47CD-9D08-B8044BC2B1F5}
	EndGlobalSection
EndGlobal
