
Microsoft Visual Studio Solution File, Format Version 12.00
# Visual Studio Version 17
VisualStudioVersion = 17.5.33627.172
MinimumVisualStudioVersion = 10.0.40219.1
Project("{8BC9CEB8-8B4A-11D0-8D11-00A0C91BC942}") = "Example1", "Example1\Example1.vcxproj", "{6896F718-0DEA-4DD0-ACFE-44EF97E5A8A0}"
EndProject
Global
	GlobalSection(SolutionConfigurationPlatforms) = preSolution
		Debug|x64 = Debug|x64
		Release|x64 = Release|x64
	EndGlobalSection
	GlobalSection(ProjectConfigurationPlatforms) = postSolution
		{6896F718-0DEA-4DD0-ACFE-44EF97E5A8A0}.Debug|x64.ActiveCfg = Debug|x64
		{6896F718-0DEA-4DD0-ACFE-44EF97E5A8A0}.Debug|x64.Build.0 = Debug|x64
		{6896F718-0DEA-4DD0-ACFE-44EF97E5A8A0}.Release|x64.ActiveCfg = Release|x64
		{6896F718-0DEA-4DD0-ACFE-44EF97E5A8A0}.Release|x64.Build.0 = Release|x64
	EndGlobalSection
	GlobalSection(SolutionProperties) = preSolution
		HideSolutionNode = FALSE
	EndGlobalSection
	GlobalSection(ExtensibilityGlobals) = postSolution
		SolutionGuid = {27BC19CE-5910-43A2-BAE9-740895D0B8E2}
	EndGlobalSection
EndGlobal
